// !$*UTF8*$!
{
	archiveVersion = 1;
	classes = {
	};
	objectVersion = 46;
	objects = {

/* Begin PBXBuildFile section */
		6025EF2A1F64831600EAA51C /* GroundTiles.sks in Resources */ = {isa = PBXBuildFile; fileRef = 6025EF291F64831600EAA51C /* GroundTiles.sks */; };
		6025EF2C1F64832700EAA51C /* RoadTiles.sks in Resources */ = {isa = PBXBuildFile; fileRef = 6025EF2B1F64832700EAA51C /* RoadTiles.sks */; };
		6075D4F31F687B7500C8FAF5 /* level_5.sks in Resources */ = {isa = PBXBuildFile; fileRef = 6075D4ED1F687B7500C8FAF5 /* level_5.sks */; };
		6075D4F41F687B7500C8FAF5 /* level_6.sks in Resources */ = {isa = PBXBuildFile; fileRef = 6075D4EE1F687B7500C8FAF5 /* level_6.sks */; };
		6075D4F51F687B7500C8FAF5 /* level_7.sks in Resources */ = {isa = PBXBuildFile; fileRef = 6075D4EF1F687B7500C8FAF5 /* level_7.sks */; };
		6075D4F61F687B7500C8FAF5 /* level_8.sks in Resources */ = {isa = PBXBuildFile; fileRef = 6075D4F01F687B7500C8FAF5 /* level_8.sks */; };
		6075D4F71F687B7500C8FAF5 /* level_9.sks in Resources */ = {isa = PBXBuildFile; fileRef = 6075D4F11F687B7500C8FAF5 /* level_9.sks */; };
		60861A471F64FCF300D4C01B /* ArrowTileSwitch.swift in Sources */ = {isa = PBXBuildFile; fileRef = 60861A461F64FCF300D4C01B /* ArrowTileSwitch.swift */; };
		6095E2FC1F645D1300E18CDC /* AppDelegate.swift in Sources */ = {isa = PBXBuildFile; fileRef = 6095E2FB1F645D1300E18CDC /* AppDelegate.swift */; };
		6095E2FE1F645D1300E18CDC /* GameScene.sks in Resources */ = {isa = PBXBuildFile; fileRef = 6095E2FD1F645D1300E18CDC /* GameScene.sks */; };
		6095E3021F645D1300E18CDC /* GameScene.swift in Sources */ = {isa = PBXBuildFile; fileRef = 6095E3011F645D1300E18CDC /* GameScene.swift */; };
		6095E3041F645D1300E18CDC /* GameViewController.swift in Sources */ = {isa = PBXBuildFile; fileRef = 6095E3031F645D1300E18CDC /* GameViewController.swift */; };
		6095E3071F645D1300E18CDC /* Main.storyboard in Resources */ = {isa = PBXBuildFile; fileRef = 6095E3051F645D1300E18CDC /* Main.storyboard */; };
		6095E3091F645D1300E18CDC /* Assets.xcassets in Resources */ = {isa = PBXBuildFile; fileRef = 6095E3081F645D1300E18CDC /* Assets.xcassets */; };
		6095E30C1F645D1300E18CDC /* LaunchScreen.storyboard in Resources */ = {isa = PBXBuildFile; fileRef = 6095E30A1F645D1300E18CDC /* LaunchScreen.storyboard */; };
		60DCB2A01F686C2E000864B2 /* HomeViewController.swift in Sources */ = {isa = PBXBuildFile; fileRef = 60DCB29F1F686C2E000864B2 /* HomeViewController.swift */; };
		60DCB2A21F686F6F000864B2 /* LevelsMenuCollectionViewController.swift in Sources */ = {isa = PBXBuildFile; fileRef = 60DCB2A11F686F6F000864B2 /* LevelsMenuCollectionViewController.swift */; };
		60DCB2A41F68703E000864B2 /* LevelCollectionViewCell.swift in Sources */ = {isa = PBXBuildFile; fileRef = 60DCB2A31F68703E000864B2 /* LevelCollectionViewCell.swift */; };
		60DCB2A61F687258000864B2 /* CurrentLevel.swift in Sources */ = {isa = PBXBuildFile; fileRef = 60DCB2A51F687258000864B2 /* CurrentLevel.swift */; };
		60DCB2AD1F6875C8000864B2 /* level_3.sks in Resources */ = {isa = PBXBuildFile; fileRef = 60DCB2A91F6875C8000864B2 /* level_3.sks */; };
		60DCB2AE1F6875C8000864B2 /* level_4.sks in Resources */ = {isa = PBXBuildFile; fileRef = 60DCB2AA1F6875C8000864B2 /* level_4.sks */; };
		D86E9BA91F69A3D500D39389 /* level_1.sks in Resources */ = {isa = PBXBuildFile; fileRef = D86E9BA81F69A3D500D39389 /* level_1.sks */; };
		D8790D7E1F64CCF1003D014B /* PoringoNode.swift in Sources */ = {isa = PBXBuildFile; fileRef = D8790D7D1F64CCF1003D014B /* PoringoNode.swift */; };
		D8790D841F64DEE6003D014B /* Direction.swift in Sources */ = {isa = PBXBuildFile; fileRef = D8790D831F64DEE6003D014B /* Direction.swift */; };
		D8E618861F6DAD930090B00B /* level_2.sks in Resources */ = {isa = PBXBuildFile; fileRef = D8E618851F6DAD930090B00B /* level_2.sks */; };
		D8E618881F6DB6D60090B00B /* Poringo.mp3 in Resources */ = {isa = PBXBuildFile; fileRef = D8E618871F6DB6D60090B00B /* Poringo.mp3 */; };
		D8E6188A1F6DB9360090B00B /* MusicHelper.swift in Sources */ = {isa = PBXBuildFile; fileRef = D8E618891F6DB9360090B00B /* MusicHelper.swift */; };
/* End PBXBuildFile section */

/* Begin PBXFileReference section */
		6025EF291F64831600EAA51C /* GroundTiles.sks */ = {isa = PBXFileReference; lastKnownFileType = file.sks; path = GroundTiles.sks; sourceTree = "<group>"; };
		6025EF2B1F64832700EAA51C /* RoadTiles.sks */ = {isa = PBXFileReference; lastKnownFileType = file.sks; path = RoadTiles.sks; sourceTree = "<group>"; };
		6075D4ED1F687B7500C8FAF5 /* level_5.sks */ = {isa = PBXFileReference; lastKnownFileType = file.sks; path = level_5.sks; sourceTree = "<group>"; };
		6075D4EE1F687B7500C8FAF5 /* level_6.sks */ = {isa = PBXFileReference; lastKnownFileType = file.sks; path = level_6.sks; sourceTree = "<group>"; };
		6075D4EF1F687B7500C8FAF5 /* level_7.sks */ = {isa = PBXFileReference; lastKnownFileType = file.sks; path = level_7.sks; sourceTree = "<group>"; };
		6075D4F01F687B7500C8FAF5 /* level_8.sks */ = {isa = PBXFileReference; lastKnownFileType = file.sks; path = level_8.sks; sourceTree = "<group>"; };
		6075D4F11F687B7500C8FAF5 /* level_9.sks */ = {isa = PBXFileReference; lastKnownFileType = file.sks; path = level_9.sks; sourceTree = "<group>"; };
		60861A461F64FCF300D4C01B /* ArrowTileSwitch.swift */ = {isa = PBXFileReference; fileEncoding = 4; lastKnownFileType = sourcecode.swift; path = ArrowTileSwitch.swift; sourceTree = "<group>"; };
		6095E2F81F645D1200E18CDC /* Poringo.app */ = {isa = PBXFileReference; explicitFileType = wrapper.application; includeInIndex = 0; path = Poringo.app; sourceTree = BUILT_PRODUCTS_DIR; };
		6095E2FB1F645D1300E18CDC /* AppDelegate.swift */ = {isa = PBXFileReference; lastKnownFileType = sourcecode.swift; path = AppDelegate.swift; sourceTree = "<group>"; };
		6095E2FD1F645D1300E18CDC /* GameScene.sks */ = {isa = PBXFileReference; lastKnownFileType = file.sks; path = GameScene.sks; sourceTree = "<group>"; };
		6095E3011F645D1300E18CDC /* GameScene.swift */ = {isa = PBXFileReference; lastKnownFileType = sourcecode.swift; path = GameScene.swift; sourceTree = "<group>"; };
		6095E3031F645D1300E18CDC /* GameViewController.swift */ = {isa = PBXFileReference; lastKnownFileType = sourcecode.swift; path = GameViewController.swift; sourceTree = "<group>"; };
		6095E3061F645D1300E18CDC /* Base */ = {isa = PBXFileReference; lastKnownFileType = file.storyboard; name = Base; path = Base.lproj/Main.storyboard; sourceTree = "<group>"; };
		6095E3081F645D1300E18CDC /* Assets.xcassets */ = {isa = PBXFileReference; lastKnownFileType = folder.assetcatalog; path = Assets.xcassets; sourceTree = "<group>"; };
		6095E30B1F645D1300E18CDC /* Base */ = {isa = PBXFileReference; lastKnownFileType = file.storyboard; name = Base; path = Base.lproj/LaunchScreen.storyboard; sourceTree = "<group>"; };
		6095E30D1F645D1300E18CDC /* Info.plist */ = {isa = PBXFileReference; lastKnownFileType = text.plist.xml; path = Info.plist; sourceTree = "<group>"; };
		60DCB29F1F686C2E000864B2 /* HomeViewController.swift */ = {isa = PBXFileReference; fileEncoding = 4; lastKnownFileType = sourcecode.swift; path = HomeViewController.swift; sourceTree = "<group>"; };
		60DCB2A11F686F6F000864B2 /* LevelsMenuCollectionViewController.swift */ = {isa = PBXFileReference; fileEncoding = 4; lastKnownFileType = sourcecode.swift; path = LevelsMenuCollectionViewController.swift; sourceTree = "<group>"; };
		60DCB2A31F68703E000864B2 /* LevelCollectionViewCell.swift */ = {isa = PBXFileReference; fileEncoding = 4; lastKnownFileType = sourcecode.swift; path = LevelCollectionViewCell.swift; sourceTree = "<group>"; };
		60DCB2A51F687258000864B2 /* CurrentLevel.swift */ = {isa = PBXFileReference; fileEncoding = 4; lastKnownFileType = sourcecode.swift; path = CurrentLevel.swift; sourceTree = "<group>"; };
		60DCB2A91F6875C8000864B2 /* level_3.sks */ = {isa = PBXFileReference; lastKnownFileType = file.sks; path = level_3.sks; sourceTree = "<group>"; };
		60DCB2AA1F6875C8000864B2 /* level_4.sks */ = {isa = PBXFileReference; lastKnownFileType = file.sks; path = level_4.sks; sourceTree = "<group>"; };
		D86E9BA81F69A3D500D39389 /* level_1.sks */ = {isa = PBXFileReference; lastKnownFileType = file.sks; path = level_1.sks; sourceTree = "<group>"; };
		D8790D7D1F64CCF1003D014B /* PoringoNode.swift */ = {isa = PBXFileReference; lastKnownFileType = sourcecode.swift; path = PoringoNode.swift; sourceTree = "<group>"; };
		D8790D831F64DEE6003D014B /* Direction.swift */ = {isa = PBXFileReference; fileEncoding = 4; lastKnownFileType = sourcecode.swift; path = Direction.swift; sourceTree = "<group>"; };
		D8E618851F6DAD930090B00B /* level_2.sks */ = {isa = PBXFileReference; lastKnownFileType = file.sks; path = level_2.sks; sourceTree = "<group>"; };
		D8E618871F6DB6D60090B00B /* Poringo.mp3 */ = {isa = PBXFileReference; lastKnownFileType = audio.mp3; path = Poringo.mp3; sourceTree = SOURCE_ROOT; };
		D8E618891F6DB9360090B00B /* MusicHelper.swift */ = {isa = PBXFileReference; fileEncoding = 4; lastKnownFileType = sourcecode.swift; path = MusicHelper.swift; sourceTree = "<group>"; };
/* End PBXFileReference section */

/* Begin PBXFrameworksBuildPhase section */
		6095E2F51F645D1200E18CDC /* Frameworks */ = {
			isa = PBXFrameworksBuildPhase;
			buildActionMask = 2147483647;
			files = (
			);
			runOnlyForDeploymentPostprocessing = 0;
		};
/* End PBXFrameworksBuildPhase section */

/* Begin PBXGroup section */
		60444EE01F64864D002183EF /* Tiles */ = {
			isa = PBXGroup;
			children = (
				6025EF291F64831600EAA51C /* GroundTiles.sks */,
				6025EF2B1F64832700EAA51C /* RoadTiles.sks */,
			);
			name = Tiles;
			sourceTree = "<group>";
		};
		60444EE11F648660002183EF /* Nodes */ = {
			isa = PBXGroup;
			children = (
				D8790D7D1F64CCF1003D014B /* PoringoNode.swift */,
			);
			name = Nodes;
			sourceTree = "<group>";
		};
		6095E2EF1F645D1200E18CDC = {
			isa = PBXGroup;
			children = (
				6095E2FA1F645D1200E18CDC /* Poringo */,
				6095E2F91F645D1200E18CDC /* Products */,
			);
			sourceTree = "<group>";
		};
		6095E2F91F645D1200E18CDC /* Products */ = {
			isa = PBXGroup;
			children = (
				6095E2F81F645D1200E18CDC /* Poringo.app */,
			);
			name = Products;
			sourceTree = "<group>";
		};
		6095E2FA1F645D1200E18CDC /* Poringo */ = {
			isa = PBXGroup;
			children = (
				D8E618871F6DB6D60090B00B /* Poringo.mp3 */,
				D8790D821F64DECA003D014B /* Entities */,
				6095E2FB1F645D1300E18CDC /* AppDelegate.swift */,
				6095E3081F645D1300E18CDC /* Assets.xcassets */,
				D8790D801F64CDB0003D014B /* Storyboard */,
				D8790D7F1F64CD91003D014B /* Controller */,
				D8790D811F64CE4E003D014B /* Scene */,
				60444EE01F64864D002183EF /* Tiles */,
				60444EE11F648660002183EF /* Nodes */,
				6095E30D1F645D1300E18CDC /* Info.plist */,
			);
			path = Poringo;
			sourceTree = "<group>";
		};
		60DCB2AF1F6875CD000864B2 /* Levels */ = {
			isa = PBXGroup;
			children = (
				D86E9BA81F69A3D500D39389 /* level_1.sks */,
				D8E618851F6DAD930090B00B /* level_2.sks */,
				60DCB2A91F6875C8000864B2 /* level_3.sks */,
				60DCB2AA1F6875C8000864B2 /* level_4.sks */,
				6075D4ED1F687B7500C8FAF5 /* level_5.sks */,
				6075D4EE1F687B7500C8FAF5 /* level_6.sks */,
				6075D4EF1F687B7500C8FAF5 /* level_7.sks */,
				6075D4F01F687B7500C8FAF5 /* level_8.sks */,
				6075D4F11F687B7500C8FAF5 /* level_9.sks */,
			);
			name = Levels;
			sourceTree = "<group>";
		};
		D8790D7F1F64CD91003D014B /* Controller */ = {
			isa = PBXGroup;
			children = (
				60861A461F64FCF300D4C01B /* ArrowTileSwitch.swift */,
				60DCB29F1F686C2E000864B2 /* HomeViewController.swift */,
				60DCB2A11F686F6F000864B2 /* LevelsMenuCollectionViewController.swift */,
				60DCB2A31F68703E000864B2 /* LevelCollectionViewCell.swift */,
				60DCB2A51F687258000864B2 /* CurrentLevel.swift */,
				6095E3031F645D1300E18CDC /* GameViewController.swift */,
				6095E3011F645D1300E18CDC /* GameScene.swift */,
				D8E618891F6DB9360090B00B /* MusicHelper.swift */,
			);
			name = Controller;
			sourceTree = "<group>";
		};
		D8790D801F64CDB0003D014B /* Storyboard */ = {
			isa = PBXGroup;
			children = (
				6095E3051F645D1300E18CDC /* Main.storyboard */,
				6095E30A1F645D1300E18CDC /* LaunchScreen.storyboard */,
			);
			name = Storyboard;
			sourceTree = "<group>";
		};
		D8790D811F64CE4E003D014B /* Scene */ = {
			isa = PBXGroup;
			children = (
				60DCB2AF1F6875CD000864B2 /* Levels */,
				6095E2FD1F645D1300E18CDC /* GameScene.sks */,
			);
			name = Scene;
			sourceTree = "<group>";
		};
		D8790D821F64DECA003D014B /* Entities */ = {
			isa = PBXGroup;
			children = (
				D8790D831F64DEE6003D014B /* Direction.swift */,
			);
			name = Entities;
			sourceTree = "<group>";
		};
/* End PBXGroup section */

/* Begin PBXNativeTarget section */
		6095E2F71F645D1200E18CDC /* Poringo */ = {
			isa = PBXNativeTarget;
			buildConfigurationList = 6095E3101F645D1300E18CDC /* Build configuration list for PBXNativeTarget "Poringo" */;
			buildPhases = (
				6095E2F41F645D1200E18CDC /* Sources */,
				6095E2F51F645D1200E18CDC /* Frameworks */,
				6095E2F61F645D1200E18CDC /* Resources */,
			);
			buildRules = (
			);
			dependencies = (
			);
			name = Poringo;
			productName = Poringo;
			productReference = 6095E2F81F645D1200E18CDC /* Poringo.app */;
			productType = "com.apple.product-type.application";
		};
/* End PBXNativeTarget section */

/* Begin PBXProject section */
		6095E2F01F645D1200E18CDC /* Project object */ = {
			isa = PBXProject;
			attributes = {
				LastSwiftUpdateCheck = 0830;
				LastUpgradeCheck = 0830;
				ORGANIZATIONNAME = "Erick Borges";
				TargetAttributes = {
					6095E2F71F645D1200E18CDC = {
						CreatedOnToolsVersion = 8.3.3;
						DevelopmentTeam = W84WSQX9M7;
						ProvisioningStyle = Automatic;
					};
				};
			};
			buildConfigurationList = 6095E2F31F645D1200E18CDC /* Build configuration list for PBXProject "Poringo" */;
			compatibilityVersion = "Xcode 3.2";
			developmentRegion = English;
			hasScannedForEncodings = 0;
			knownRegions = (
				en,
				Base,
			);
			mainGroup = 6095E2EF1F645D1200E18CDC;
			productRefGroup = 6095E2F91F645D1200E18CDC /* Products */;
			projectDirPath = "";
			projectRoot = "";
			targets = (
				6095E2F71F645D1200E18CDC /* Poringo */,
			);
		};
/* End PBXProject section */

/* Begin PBXResourcesBuildPhase section */
		6095E2F61F645D1200E18CDC /* Resources */ = {
			isa = PBXResourcesBuildPhase;
			buildActionMask = 2147483647;
			files = (
				D8E618861F6DAD930090B00B /* level_2.sks in Resources */,
				D86E9BA91F69A3D500D39389 /* level_1.sks in Resources */,
				6075D4F51F687B7500C8FAF5 /* level_7.sks in Resources */,
				60DCB2AE1F6875C8000864B2 /* level_4.sks in Resources */,
				6025EF2C1F64832700EAA51C /* RoadTiles.sks in Resources */,
				6075D4F61F687B7500C8FAF5 /* level_8.sks in Resources */,
				6095E3071F645D1300E18CDC /* Main.storyboard in Resources */,
				D8E618881F6DB6D60090B00B /* Poringo.mp3 in Resources */,
				60DCB2AD1F6875C8000864B2 /* level_3.sks in Resources */,
				6075D4F41F687B7500C8FAF5 /* level_6.sks in Resources */,
				6075D4F71F687B7500C8FAF5 /* level_9.sks in Resources */,
				6095E2FE1F645D1300E18CDC /* GameScene.sks in Resources */,
				6025EF2A1F64831600EAA51C /* GroundTiles.sks in Resources */,
				6095E3091F645D1300E18CDC /* Assets.xcassets in Resources */,
				6075D4F31F687B7500C8FAF5 /* level_5.sks in Resources */,
				6095E30C1F645D1300E18CDC /* LaunchScreen.storyboard in Resources */,
			);
			runOnlyForDeploymentPostprocessing = 0;
		};
/* End PBXResourcesBuildPhase section */

/* Begin PBXSourcesBuildPhase section */
		6095E2F41F645D1200E18CDC /* Sources */ = {
			isa = PBXSourcesBuildPhase;
			buildActionMask = 2147483647;
			files = (
				60DCB2A41F68703E000864B2 /* LevelCollectionViewCell.swift in Sources */,
				D8790D7E1F64CCF1003D014B /* PoringoNode.swift in Sources */,
				6095E3021F645D1300E18CDC /* GameScene.swift in Sources */,
				6095E3041F645D1300E18CDC /* GameViewController.swift in Sources */,
				60861A471F64FCF300D4C01B /* ArrowTileSwitch.swift in Sources */,
				D8790D841F64DEE6003D014B /* Direction.swift in Sources */,
				60DCB2A61F687258000864B2 /* CurrentLevel.swift in Sources */,
				60DCB2A01F686C2E000864B2 /* HomeViewController.swift in Sources */,
				60DCB2A21F686F6F000864B2 /* LevelsMenuCollectionViewController.swift in Sources */,
				D8E6188A1F6DB9360090B00B /* MusicHelper.swift in Sources */,
				6095E2FC1F645D1300E18CDC /* AppDelegate.swift in Sources */,
			);
			runOnlyForDeploymentPostprocessing = 0;
		};
/* End PBXSourcesBuildPhase section */

/* Begin PBXVariantGroup section */
		6095E3051F645D1300E18CDC /* Main.storyboard */ = {
			isa = PBXVariantGroup;
			children = (
				6095E3061F645D1300E18CDC /* Base */,
			);
			name = Main.storyboard;
			sourceTree = "<group>";
		};
		6095E30A1F645D1300E18CDC /* LaunchScreen.storyboard */ = {
			isa = PBXVariantGroup;
			children = (
				6095E30B1F645D1300E18CDC /* Base */,
			);
			name = LaunchScreen.storyboard;
			sourceTree = "<group>";
		};
/* End PBXVariantGroup section */

/* Begin XCBuildConfiguration section */
		6095E30E1F645D1300E18CDC /* Debug */ = {
			isa = XCBuildConfiguration;
			buildSettings = {
				ALWAYS_SEARCH_USER_PATHS = NO;
				CLANG_ANALYZER_NONNULL = YES;
				CLANG_ANALYZER_NUMBER_OBJECT_CONVERSION = YES_AGGRESSIVE;
				CLANG_CXX_LANGUAGE_STANDARD = "gnu++0x";
				CLANG_CXX_LIBRARY = "libc++";
				CLANG_ENABLE_MODULES = YES;
				CLANG_ENABLE_OBJC_ARC = YES;
				CLANG_WARN_BOOL_CONVERSION = YES;
				CLANG_WARN_CONSTANT_CONVERSION = YES;
				CLANG_WARN_DIRECT_OBJC_ISA_USAGE = YES_ERROR;
				CLANG_WARN_DOCUMENTATION_COMMENTS = YES;
				CLANG_WARN_EMPTY_BODY = YES;
				CLANG_WARN_ENUM_CONVERSION = YES;
				CLANG_WARN_INFINITE_RECURSION = YES;
				CLANG_WARN_INT_CONVERSION = YES;
				CLANG_WARN_OBJC_ROOT_CLASS = YES_ERROR;
				CLANG_WARN_SUSPICIOUS_MOVE = YES;
				CLANG_WARN_UNREACHABLE_CODE = YES;
				CLANG_WARN__DUPLICATE_METHOD_MATCH = YES;
				"CODE_SIGN_IDENTITY[sdk=iphoneos*]" = "iPhone Developer";
				COPY_PHASE_STRIP = NO;
				DEBUG_INFORMATION_FORMAT = dwarf;
				ENABLE_STRICT_OBJC_MSGSEND = YES;
				ENABLE_TESTABILITY = YES;
				GCC_C_LANGUAGE_STANDARD = gnu99;
				GCC_DYNAMIC_NO_PIC = NO;
				GCC_NO_COMMON_BLOCKS = YES;
				GCC_OPTIMIZATION_LEVEL = 0;
				GCC_PREPROCESSOR_DEFINITIONS = (
					"DEBUG=1",
					"$(inherited)",
				);
				GCC_WARN_64_TO_32_BIT_CONVERSION = YES;
				GCC_WARN_ABOUT_RETURN_TYPE = YES_ERROR;
				GCC_WARN_UNDECLARED_SELECTOR = YES;
				GCC_WARN_UNINITIALIZED_AUTOS = YES_AGGRESSIVE;
				GCC_WARN_UNUSED_FUNCTION = YES;
				GCC_WARN_UNUSED_VARIABLE = YES;
				IPHONEOS_DEPLOYMENT_TARGET = 10.3;
				MTL_ENABLE_DEBUG_INFO = YES;
				ONLY_ACTIVE_ARCH = YES;
				SDKROOT = iphoneos;
				SWIFT_ACTIVE_COMPILATION_CONDITIONS = DEBUG;
				SWIFT_OPTIMIZATION_LEVEL = "-Onone";
				TARGETED_DEVICE_FAMILY = "1,2";
			};
			name = Debug;
		};
		6095E30F1F645D1300E18CDC /* Release */ = {
			isa = XCBuildConfiguration;
			buildSettings = {
				ALWAYS_SEARCH_USER_PATHS = NO;
				CLANG_ANALYZER_NONNULL = YES;
				CLANG_ANALYZER_NUMBER_OBJECT_CONVERSION = YES_AGGRESSIVE;
				CLANG_CXX_LANGUAGE_STANDARD = "gnu++0x";
				CLANG_CXX_LIBRARY = "libc++";
				CLANG_ENABLE_MODULES = YES;
				CLANG_ENABLE_OBJC_ARC = YES;
				CLANG_WARN_BOOL_CONVERSION = YES;
				CLANG_WARN_CONSTANT_CONVERSION = YES;
				CLANG_WARN_DIRECT_OBJC_ISA_USAGE = YES_ERROR;
				CLANG_WARN_DOCUMENTATION_COMMENTS = YES;
				CLANG_WARN_EMPTY_BODY = YES;
				CLANG_WARN_ENUM_CONVERSION = YES;
				CLANG_WARN_INFINITE_RECURSION = YES;
				CLANG_WARN_INT_CONVERSION = YES;
				CLANG_WARN_OBJC_ROOT_CLASS = YES_ERROR;
				CLANG_WARN_SUSPICIOUS_MOVE = YES;
				CLANG_WARN_UNREACHABLE_CODE = YES;
				CLANG_WARN__DUPLICATE_METHOD_MATCH = YES;
				"CODE_SIGN_IDENTITY[sdk=iphoneos*]" = "iPhone Developer";
				COPY_PHASE_STRIP = NO;
				DEBUG_INFORMATION_FORMAT = "dwarf-with-dsym";
				ENABLE_NS_ASSERTIONS = NO;
				ENABLE_STRICT_OBJC_MSGSEND = YES;
				GCC_C_LANGUAGE_STANDARD = gnu99;
				GCC_NO_COMMON_BLOCKS = YES;
				GCC_WARN_64_TO_32_BIT_CONVERSION = YES;
				GCC_WARN_ABOUT_RETURN_TYPE = YES_ERROR;
				GCC_WARN_UNDECLARED_SELECTOR = YES;
				GCC_WARN_UNINITIALIZED_AUTOS = YES_AGGRESSIVE;
				GCC_WARN_UNUSED_FUNCTION = YES;
				GCC_WARN_UNUSED_VARIABLE = YES;
				IPHONEOS_DEPLOYMENT_TARGET = 10.3;
				MTL_ENABLE_DEBUG_INFO = NO;
				SDKROOT = iphoneos;
				SWIFT_OPTIMIZATION_LEVEL = "-Owholemodule";
				TARGETED_DEVICE_FAMILY = "1,2";
				VALIDATE_PRODUCT = YES;
			};
			name = Release;
		};
		6095E3111F645D1300E18CDC /* Debug */ = {
			isa = XCBuildConfiguration;
			buildSettings = {
				ASSETCATALOG_COMPILER_APPICON_NAME = AppIcon;
				DEVELOPMENT_TEAM = W84WSQX9M7;
				INFOPLIST_FILE = Poringo/Info.plist;
				LD_RUNPATH_SEARCH_PATHS = "$(inherited) @executable_path/Frameworks";
				PRODUCT_BUNDLE_IDENTIFIER = poringo.com.mackmobile.Poringo;
				PRODUCT_NAME = "$(TARGET_NAME)";
				SWIFT_VERSION = 3.0;
			};
			name = Debug;
		};
		6095E3121F645D1300E18CDC /* Release */ = {
			isa = XCBuildConfiguration;
			buildSettings = {
				ASSETCATALOG_COMPILER_APPICON_NAME = AppIcon;
				DEVELOPMENT_TEAM = W84WSQX9M7;
				INFOPLIST_FILE = Poringo/Info.plist;
				LD_RUNPATH_SEARCH_PATHS = "$(inherited) @executable_path/Frameworks";
				PRODUCT_BUNDLE_IDENTIFIER = poringo.com.mackmobile.Poringo;
				PRODUCT_NAME = "$(TARGET_NAME)";
				SWIFT_VERSION = 3.0;
			};
			name = Release;
		};
/* End XCBuildConfiguration section */

/* Begin XCConfigurationList section */
		6095E2F31F645D1200E18CDC /* Build configuration list for PBXProject "Poringo" */ = {
			isa = XCConfigurationList;
			buildConfigurations = (
				6095E30E1F645D1300E18CDC /* Debug */,
				6095E30F1F645D1300E18CDC /* Release */,
			);
			defaultConfigurationIsVisible = 0;
			defaultConfigurationName = Release;
		};
		6095E3101F645D1300E18CDC /* Build configuration list for PBXNativeTarget "Poringo" */ = {
			isa = XCConfigurationList;
			buildConfigurations = (
				6095E3111F645D1300E18CDC /* Debug */,
				6095E3121F645D1300E18CDC /* Release */,
			);
			defaultConfigurationIsVisible = 0;
			defaultConfigurationName = Release;
		};
/* End XCConfigurationList section */
	};
	rootObject = 6095E2F01F645D1200E18CDC /* Project object */;
}
